
Microsoft Visual Studio Solution File, Format Version 12.00
# Visual Studio Version 16
VisualStudioVersion = 16.0.29001.49
MinimumVisualStudioVersion = 10.0.40219.1
Project("{FAE04EC0-301F-11D3-BF4B-00C04F79EFBC}") = "assignment programming 2", "assignment programming 2\assignment programming 2.csproj", "{7D181B71-7411-46DC-9AF0-06AC53BB9CEF}"
EndProject
Global
	GlobalSection(SolutionConfigurationPlatforms) = preSolution
		Debug|Any CPU = Debug|Any CPU
		Release|Any CPU = Release|Any CPU
	EndGlobalSection
	GlobalSection(ProjectConfigurationPlatforms) = postSolution
		{7D181B71-7411-46DC-9AF0-06AC53BB9CEF}.Debug|Any CPU.ActiveCfg = Debug|Any CPU
		{7D181B71-7411-46DC-9AF0-06AC53BB9CEF}.Debug|Any CPU.Build.0 = Debug|Any CPU
		{7D181B71-7411-46DC-9AF0-06AC53BB9CEF}.Release|Any CPU.ActiveCfg = Release|Any CPU
		{7D181B71-7411-46DC-9AF0-06AC53BB9CEF}.Release|Any CPU.Build.0 = Release|Any CPU
	EndGlobalSection
	GlobalSection(SolutionProperties) = preSolution
		HideSolutionNode = FALSE
	EndGlobalSection
	GlobalSection(ExtensibilityGlobals) = postSolution
		SolutionGuid = {C5252B51-F5C2-47BA-9793-AE41FBBA64F4}
	EndGlobalSection
EndGlobal
